
Microsoft Visual Studio Solution File, Format Version 12.00
# Visual Studio Version 17
VisualStudioVersion = 17.9.34728.123
MinimumVisualStudioVersion = 10.0.40219.1
Project("{9A19103F-16F7-4668-BE54-9A1E7A4F7556}") = "Core", "Core\Core.csproj", "{A8838CBA-5C0E-473D-9D6E-396B2427E73E}"
EndProject
Project("{9A19103F-16F7-4668-BE54-9A1E7A4F7556}") = "Entity", "Entity\Entity.csproj", "{F30851FA-CEDC-4579-92B2-213694158BFF}"
EndProject
Project("{FAE04EC0-301F-11D3-BF4B-00C04F79EFBC}") = "WebApi", "WebApi\WebApi.csproj", "{70865F96-32CE-4EBF-9F24-1DBA214AB4BB}"
EndProject
Global
	GlobalSection(SolutionConfigurationPlatforms) = preSolution
		Debug|Any CPU = Debug|Any CPU
		Release|Any CPU = Release|Any CPU
	EndGlobalSection
	GlobalSection(ProjectConfigurationPlatforms) = postSolution
		{A8838CBA-5C0E-473D-9D6E-396B2427E73E}.Debug|Any CPU.ActiveCfg = Debug|Any CPU
		{A8838CBA-5C0E-473D-9D6E-396B2427E73E}.Debug|Any CPU.Build.0 = Debug|Any CPU
		{A8838CBA-5C0E-473D-9D6E-396B2427E73E}.Release|Any CPU.ActiveCfg = Release|Any CPU
		{A8838CBA-5C0E-473D-9D6E-396B2427E73E}.Release|Any CPU.Build.0 = Release|Any CPU
		{F30851FA-CEDC-4579-92B2-213694158BFF}.Debug|Any CPU.ActiveCfg = Debug|Any CPU
		{F30851FA-CEDC-4579-92B2-213694158BFF}.Debug|Any CPU.Build.0 = Debug|Any CPU
		{F30851FA-CEDC-4579-92B2-213694158BFF}.Release|Any CPU.ActiveCfg = Release|Any CPU
		{F30851FA-CEDC-4579-92B2-213694158BFF}.Release|Any CPU.Build.0 = Release|Any CPU
		{70865F96-32CE-4EBF-9F24-1DBA214AB4BB}.Debug|Any CPU.ActiveCfg = Debug|Any CPU
		{70865F96-32CE-4EBF-9F24-1DBA214AB4BB}.Debug|Any CPU.Build.0 = Debug|Any CPU
		{70865F96-32CE-4EBF-9F24-1DBA214AB4BB}.Release|Any CPU.ActiveCfg = Release|Any CPU
		{70865F96-32CE-4EBF-9F24-1DBA214AB4BB}.Release|Any CPU.Build.0 = Release|Any CPU
	EndGlobalSection
	GlobalSection(SolutionProperties) = preSolution
		HideSolutionNode = FALSE
	EndGlobalSection
	GlobalSection(ExtensibilityGlobals) = postSolution
		SolutionGuid = {3E560547-FDA2-4F1E-BF14-CB804C36446F}
	EndGlobalSection
EndGlobal
